
Microsoft Visual Studio Solution File, Format Version 12.00
# Visual Studio 2012
Project("{8BC9CEB8-8B4A-11D0-8D11-00A0C91BC942}") = "opengl Xzed", "opengl Xzed\opengl Xzed.vcxproj", "{EBE3D78C-297C-423A-A7B9-8B27600D7F09}"
EndProject
Global
	GlobalSection(SolutionConfigurationPlatforms) = preSolution
		Debug|Win32 = Debug|Win32
		Release|Win32 = Release|Win32
	EndGlobalSection
	GlobalSection(ProjectConfigurationPlatforms) = postSolution
		{EBE3D78C-297C-423A-A7B9-8B27600D7F09}.Debug|Win32.ActiveCfg = Debug|Win32
		{EBE3D78C-297C-423A-A7B9-8B27600D7F09}.Debug|Win32.Build.0 = Debug|Win32
		{EBE3D78C-297C-423A-A7B9-8B27600D7F09}.Release|Win32.ActiveCfg = Release|Win32
		{EBE3D78C-297C-423A-A7B9-8B27600D7F09}.Release|Win32.Build.0 = Release|Win32
	EndGlobalSection
	GlobalSection(SolutionProperties) = preSolution
		HideSolutionNode = FALSE
	EndGlobalSection
EndGlobal
